
Microsoft Visual Studio Solution File, Format Version 12.00
# Visual Studio 2012
Project("{FAE04EC0-301F-11D3-BF4B-00C04F79EFBC}") = "TextImages", "TextImages\TextImages.csproj", "{47C9EE55-4B2B-4E8D-BFE0-86D0493C09FC}"
EndProject
Global
	GlobalSection(SolutionConfigurationPlatforms) = preSolution
		Debug|Any CPU = Debug|Any CPU
		Release|Any CPU = Release|Any CPU
	EndGlobalSection
	GlobalSection(ProjectConfigurationPlatforms) = postSolution
		{47C9EE55-4B2B-4E8D-BFE0-86D0493C09FC}.Debug|Any CPU.ActiveCfg = Debug|Any CPU
		{47C9EE55-4B2B-4E8D-BFE0-86D0493C09FC}.Debug|Any CPU.Build.0 = Debug|Any CPU
		{47C9EE55-4B2B-4E8D-BFE0-86D0493C09FC}.Release|Any CPU.ActiveCfg = Release|Any CPU
		{47C9EE55-4B2B-4E8D-BFE0-86D0493C09FC}.Release|Any CPU.Build.0 = Release|Any CPU
	EndGlobalSection
	GlobalSection(SolutionProperties) = preSolution
		HideSolutionNode = FALSE
	EndGlobalSection
EndGlobal
